
Microsoft Visual Studio Solution File, Format Version 12.00
# Visual Studio Version 17
VisualStudioVersion = 17.11.35222.181
MinimumVisualStudioVersion = 10.0.40219.1
Project("{FAE04EC0-301F-11D3-BF4B-00C04F79EFBC}") = "ConsumeAPI", "ConsumeAPI.csproj", "{63EFE180-640A-47E8-8023-9AC3E87BF133}"
EndProject
Global
	GlobalSection(SolutionConfigurationPlatforms) = preSolution
		Debug|Any CPU = Debug|Any CPU
		Release|Any CPU = Release|Any CPU
	EndGlobalSection
	GlobalSection(ProjectConfigurationPlatforms) = postSolution
		{63EFE180-640A-47E8-8023-9AC3E87BF133}.Debug|Any CPU.ActiveCfg = Debug|Any CPU
		{63EFE180-640A-47E8-8023-9AC3E87BF133}.Debug|Any CPU.Build.0 = Debug|Any CPU
		{63EFE180-640A-47E8-8023-9AC3E87BF133}.Release|Any CPU.ActiveCfg = Release|Any CPU
		{63EFE180-640A-47E8-8023-9AC3E87BF133}.Release|Any CPU.Build.0 = Release|Any CPU
	EndGlobalSection
	GlobalSection(SolutionProperties) = preSolution
		HideSolutionNode = FALSE
	EndGlobalSection
	GlobalSection(ExtensibilityGlobals) = postSolution
		SolutionGuid = {E55379B0-72E6-48A1-AAAB-D7AD6186C1AE}
	EndGlobalSection
EndGlobal
